
Microsoft Visual Studio Solution File, Format Version 12.00
# Visual Studio Version 17
VisualStudioVersion = 17.3.32819.101
MinimumVisualStudioVersion = 10.0.40219.1
Project("{FAE04EC0-301F-11D3-BF4B-00C04F79EFBC}") = "multithreadgp1", "multithreadgp1\multithreadgp1.csproj", "{99255B6A-D0B4-4733-9EB3-CC98F3442761}"
EndProject
Global
	GlobalSection(SolutionConfigurationPlatforms) = preSolution
		Debug|Any CPU = Debug|Any CPU
		Release|Any CPU = Release|Any CPU
	EndGlobalSection
	GlobalSection(ProjectConfigurationPlatforms) = postSolution
		{99255B6A-D0B4-4733-9EB3-CC98F3442761}.Debug|Any CPU.ActiveCfg = Debug|Any CPU
		{99255B6A-D0B4-4733-9EB3-CC98F3442761}.Debug|Any CPU.Build.0 = Debug|Any CPU
		{99255B6A-D0B4-4733-9EB3-CC98F3442761}.Release|Any CPU.ActiveCfg = Release|Any CPU
		{99255B6A-D0B4-4733-9EB3-CC98F3442761}.Release|Any CPU.Build.0 = Release|Any CPU
	EndGlobalSection
	GlobalSection(SolutionProperties) = preSolution
		HideSolutionNode = FALSE
	EndGlobalSection
	GlobalSection(ExtensibilityGlobals) = postSolution
		SolutionGuid = {D79852E9-C0E8-4E6C-88CF-8B73C5A5C91D}
	EndGlobalSection
EndGlobal
